// !$*UTF8*$!
{
	archiveVersion = 1;
	classes = {
	};
	objectVersion = 50;
	objects = {

/* Begin PBXBuildFile section */
		29248AF1239C3D4300CE57BC /* NetworkManager.swift in Sources */ = {isa = PBXBuildFile; fileRef = 29248AF0239C3D4300CE57BC /* NetworkManager.swift */; };
		29248AF3239C40FC00CE57BC /* CustomResponse.swift in Sources */ = {isa = PBXBuildFile; fileRef = 29248AF2239C40FC00CE57BC /* CustomResponse.swift */; };
		29248AF6239C429700CE57BC /* URLExtension.swift in Sources */ = {isa = PBXBuildFile; fileRef = 29248AF5239C429700CE57BC /* URLExtension.swift */; };
		29DD8D23239AF89200A2669F /* AppDelegate.swift in Sources */ = {isa = PBXBuildFile; fileRef = 29DD8D22239AF89200A2669F /* AppDelegate.swift */; };
		29DD8D27239AF89200A2669F /* ViewController.swift in Sources */ = {isa = PBXBuildFile; fileRef = 29DD8D26239AF89200A2669F /* ViewController.swift */; };
		29DD8D2A239AF89200A2669F /* Main.storyboard in Resources */ = {isa = PBXBuildFile; fileRef = 29DD8D28239AF89200A2669F /* Main.storyboard */; };
		29DD8D2C239AF89400A2669F /* Assets.xcassets in Resources */ = {isa = PBXBuildFile; fileRef = 29DD8D2B239AF89400A2669F /* Assets.xcassets */; };
		29DD8D2F239AF89400A2669F /* LaunchScreen.storyboard in Resources */ = {isa = PBXBuildFile; fileRef = 29DD8D2D239AF89400A2669F /* LaunchScreen.storyboard */; };
		29DD8D3A239AF89400A2669F /* NetworkManagerTests.swift in Sources */ = {isa = PBXBuildFile; fileRef = 29DD8D39239AF89400A2669F /* NetworkManagerTests.swift */; };
		29DD8D46239C07A100A2669F /* RequestManager.swift in Sources */ = {isa = PBXBuildFile; fileRef = 29DD8D45239C07A100A2669F /* RequestManager.swift */; };
		29DD8D48239C082500A2669F /* ArticleOutput.swift in Sources */ = {isa = PBXBuildFile; fileRef = 29DD8D47239C082500A2669F /* ArticleOutput.swift */; };
		29DD8D4A239C08A000A2669F /* ArticleInput.swift in Sources */ = {isa = PBXBuildFile; fileRef = 29DD8D49239C08A000A2669F /* ArticleInput.swift */; };
		29DD8D4C239C109600A2669F /* NewsAPI.swift in Sources */ = {isa = PBXBuildFile; fileRef = 29DD8D4B239C109600A2669F /* NewsAPI.swift */; };
		29DD8D4E239C17BB00A2669F /* HTTPMethod.swift in Sources */ = {isa = PBXBuildFile; fileRef = 29DD8D4D239C17BB00A2669F /* HTTPMethod.swift */; };
		29EEB046239C3869005C14EC /* ApiProvider.swift in Sources */ = {isa = PBXBuildFile; fileRef = 29EEB045239C3869005C14EC /* ApiProvider.swift */; };
/* End PBXBuildFile section */

/* Begin PBXContainerItemProxy section */
		29DD8D36239AF89400A2669F /* PBXContainerItemProxy */ = {
			isa = PBXContainerItemProxy;
			containerPortal = 29DD8D17239AF89200A2669F /* Project object */;
			proxyType = 1;
			remoteGlobalIDString = 29DD8D1E239AF89200A2669F;
			remoteInfo = NetworkManager;
		};
/* End PBXContainerItemProxy section */

/* Begin PBXFileReference section */
		29248AF0239C3D4300CE57BC /* NetworkManager.swift */ = {isa = PBXFileReference; lastKnownFileType = sourcecode.swift; path = NetworkManager.swift; sourceTree = "<group>"; };
		29248AF2239C40FC00CE57BC /* CustomResponse.swift */ = {isa = PBXFileReference; lastKnownFileType = sourcecode.swift; path = CustomResponse.swift; sourceTree = "<group>"; };
		29248AF5239C429700CE57BC /* URLExtension.swift */ = {isa = PBXFileReference; lastKnownFileType = sourcecode.swift; path = URLExtension.swift; sourceTree = "<group>"; };
		29DD8D1F239AF89200A2669F /* NetworkManager.app */ = {isa = PBXFileReference; explicitFileType = wrapper.application; includeInIndex = 0; path = NetworkManager.app; sourceTree = BUILT_PRODUCTS_DIR; };
		29DD8D22239AF89200A2669F /* AppDelegate.swift */ = {isa = PBXFileReference; lastKnownFileType = sourcecode.swift; path = AppDelegate.swift; sourceTree = "<group>"; };
		29DD8D26239AF89200A2669F /* ViewController.swift */ = {isa = PBXFileReference; lastKnownFileType = sourcecode.swift; path = ViewController.swift; sourceTree = "<group>"; };
		29DD8D29239AF89200A2669F /* Base */ = {isa = PBXFileReference; lastKnownFileType = file.storyboard; name = Base; path = Base.lproj/Main.storyboard; sourceTree = "<group>"; };
		29DD8D2B239AF89400A2669F /* Assets.xcassets */ = {isa = PBXFileReference; lastKnownFileType = folder.assetcatalog; path = Assets.xcassets; sourceTree = "<group>"; };
		29DD8D2E239AF89400A2669F /* Base */ = {isa = PBXFileReference; lastKnownFileType = file.storyboard; name = Base; path = Base.lproj/LaunchScreen.storyboard; sourceTree = "<group>"; };
		29DD8D30239AF89400A2669F /* Info.plist */ = {isa = PBXFileReference; lastKnownFileType = text.plist.xml; path = Info.plist; sourceTree = "<group>"; };
		29DD8D35239AF89400A2669F /* NetworkManagerTests.xctest */ = {isa = PBXFileReference; explicitFileType = wrapper.cfbundle; includeInIndex = 0; path = NetworkManagerTests.xctest; sourceTree = BUILT_PRODUCTS_DIR; };
		29DD8D39239AF89400A2669F /* NetworkManagerTests.swift */ = {isa = PBXFileReference; lastKnownFileType = sourcecode.swift; path = NetworkManagerTests.swift; sourceTree = "<group>"; };
		29DD8D3B239AF89400A2669F /* Info.plist */ = {isa = PBXFileReference; lastKnownFileType = text.plist.xml; path = Info.plist; sourceTree = "<group>"; };
		29DD8D45239C07A100A2669F /* RequestManager.swift */ = {isa = PBXFileReference; lastKnownFileType = sourcecode.swift; path = RequestManager.swift; sourceTree = "<group>"; };
		29DD8D47239C082500A2669F /* ArticleOutput.swift */ = {isa = PBXFileReference; lastKnownFileType = sourcecode.swift; path = ArticleOutput.swift; sourceTree = "<group>"; };
		29DD8D49239C08A000A2669F /* ArticleInput.swift */ = {isa = PBXFileReference; lastKnownFileType = sourcecode.swift; path = ArticleInput.swift; sourceTree = "<group>"; };
		29DD8D4B239C109600A2669F /* NewsAPI.swift */ = {isa = PBXFileReference; lastKnownFileType = sourcecode.swift; path = NewsAPI.swift; sourceTree = "<group>"; };
		29DD8D4D239C17BB00A2669F /* HTTPMethod.swift */ = {isa = PBXFileReference; lastKnownFileType = sourcecode.swift; path = HTTPMethod.swift; sourceTree = "<group>"; };
		29EEB045239C3869005C14EC /* ApiProvider.swift */ = {isa = PBXFileReference; lastKnownFileType = sourcecode.swift; path = ApiProvider.swift; sourceTree = "<group>"; };
/* End PBXFileReference section */

/* Begin PBXFrameworksBuildPhase section */
		29DD8D1C239AF89200A2669F /* Frameworks */ = {
			isa = PBXFrameworksBuildPhase;
			buildActionMask = 2147483647;
			files = (
			);
			runOnlyForDeploymentPostprocessing = 0;
		};
		29DD8D32239AF89400A2669F /* Frameworks */ = {
			isa = PBXFrameworksBuildPhase;
			buildActionMask = 2147483647;
			files = (
			);
			runOnlyForDeploymentPostprocessing = 0;
		};
/* End PBXFrameworksBuildPhase section */

/* Begin PBXGroup section */
		29248AF4239C428A00CE57BC /* Extensions */ = {
			isa = PBXGroup;
			children = (
				29248AF5239C429700CE57BC /* URLExtension.swift */,
			);
			path = Extensions;
			sourceTree = "<group>";
		};
		29248AF7239C44F800CE57BC /* RequestManager */ = {
			isa = PBXGroup;
			children = (
				29DD8D45239C07A100A2669F /* RequestManager.swift */,
				29248AF2239C40FC00CE57BC /* CustomResponse.swift */,
				29EEB045239C3869005C14EC /* ApiProvider.swift */,
				29DD8D4D239C17BB00A2669F /* HTTPMethod.swift */,
			);
			path = RequestManager;
			sourceTree = "<group>";
		};
		29248AF8239C451300CE57BC /* Supporting Files */ = {
			isa = PBXGroup;
			children = (
				29DD8D2B239AF89400A2669F /* Assets.xcassets */,
				29DD8D2D239AF89400A2669F /* LaunchScreen.storyboard */,
				29DD8D30239AF89400A2669F /* Info.plist */,
			);
			path = "Supporting Files";
			sourceTree = "<group>";
		};
		29DD8D16239AF89200A2669F = {
			isa = PBXGroup;
			children = (
				29DD8D21239AF89200A2669F /* NetworkManager */,
				29DD8D38239AF89400A2669F /* NetworkManagerTests */,
				29DD8D20239AF89200A2669F /* Products */,
			);
			sourceTree = "<group>";
		};
		29DD8D20239AF89200A2669F /* Products */ = {
			isa = PBXGroup;
			children = (
				29DD8D1F239AF89200A2669F /* NetworkManager.app */,
				29DD8D35239AF89400A2669F /* NetworkManagerTests.xctest */,
			);
			name = Products;
			sourceTree = "<group>";
		};
		29DD8D21239AF89200A2669F /* NetworkManager */ = {
			isa = PBXGroup;
			children = (
				29DD8D22239AF89200A2669F /* AppDelegate.swift */,
				29DD8D26239AF89200A2669F /* ViewController.swift */,
				29DD8D28239AF89200A2669F /* Main.storyboard */,
				29DD8D44239C079200A2669F /* NetworkManager */,
				29248AF4239C428A00CE57BC /* Extensions */,
				29248AF8239C451300CE57BC /* Supporting Files */,
			);
			path = NetworkManager;
			sourceTree = "<group>";
		};
		29DD8D38239AF89400A2669F /* NetworkManagerTests */ = {
			isa = PBXGroup;
			children = (
				29DD8D39239AF89400A2669F /* NetworkManagerTests.swift */,
				29DD8D3B239AF89400A2669F /* Info.plist */,
			);
			path = NetworkManagerTests;
			sourceTree = "<group>";
		};
		29DD8D44239C079200A2669F /* NetworkManager */ = {
			isa = PBXGroup;
			children = (
				29248AF7239C44F800CE57BC /* RequestManager */,
				29DD8D50239C195400A2669F /* OutputModels */,
				29DD8D4F239C194C00A2669F /* InputModels */,
				29248AF0239C3D4300CE57BC /* NetworkManager.swift */,
				29DD8D4B239C109600A2669F /* NewsAPI.swift */,
			);
			path = NetworkManager;
			sourceTree = "<group>";
		};
		29DD8D4F239C194C00A2669F /* InputModels */ = {
			isa = PBXGroup;
			children = (
				29DD8D49239C08A000A2669F /* ArticleInput.swift */,
			);
			path = InputModels;
			sourceTree = "<group>";
		};
		29DD8D50239C195400A2669F /* OutputModels */ = {
			isa = PBXGroup;
			children = (
				29DD8D47239C082500A2669F /* ArticleOutput.swift */,
			);
			path = OutputModels;
			sourceTree = "<group>";
		};
/* End PBXGroup section */

/* Begin PBXNativeTarget section */
		29DD8D1E239AF89200A2669F /* NetworkManager */ = {
			isa = PBXNativeTarget;
			buildConfigurationList = 29DD8D3E239AF89400A2669F /* Build configuration list for PBXNativeTarget "NetworkManager" */;
			buildPhases = (
				29DD8D1B239AF89200A2669F /* Sources */,
				29DD8D1C239AF89200A2669F /* Frameworks */,
				29DD8D1D239AF89200A2669F /* Resources */,
			);
			buildRules = (
			);
			dependencies = (
			);
			name = NetworkManager;
			productName = NetworkManager;
			productReference = 29DD8D1F239AF89200A2669F /* NetworkManager.app */;
			productType = "com.apple.product-type.application";
		};
		29DD8D34239AF89400A2669F /* NetworkManagerTests */ = {
			isa = PBXNativeTarget;
			buildConfigurationList = 29DD8D41239AF89400A2669F /* Build configuration list for PBXNativeTarget "NetworkManagerTests" */;
			buildPhases = (
				29DD8D31239AF89400A2669F /* Sources */,
				29DD8D32239AF89400A2669F /* Frameworks */,
				29DD8D33239AF89400A2669F /* Resources */,
			);
			buildRules = (
			);
			dependencies = (
				29DD8D37239AF89400A2669F /* PBXTargetDependency */,
			);
			name = NetworkManagerTests;
			productName = NetworkManagerTests;
			productReference = 29DD8D35239AF89400A2669F /* NetworkManagerTests.xctest */;
			productType = "com.apple.product-type.bundle.unit-test";
		};
/* End PBXNativeTarget section */

/* Begin PBXProject section */
		29DD8D17239AF89200A2669F /* Project object */ = {
			isa = PBXProject;
			attributes = {
				LastSwiftUpdateCheck = 1120;
				LastUpgradeCheck = 1120;
				ORGANIZATIONNAME = vpoltave;
				TargetAttributes = {
					29DD8D1E239AF89200A2669F = {
						CreatedOnToolsVersion = 11.2.1;
					};
					29DD8D34239AF89400A2669F = {
						CreatedOnToolsVersion = 11.2.1;
						TestTargetID = 29DD8D1E239AF89200A2669F;
					};
				};
			};
			buildConfigurationList = 29DD8D1A239AF89200A2669F /* Build configuration list for PBXProject "NetworkManager" */;
			compatibilityVersion = "Xcode 9.3";
			developmentRegion = en;
			hasScannedForEncodings = 0;
			knownRegions = (
				en,
				Base,
			);
			mainGroup = 29DD8D16239AF89200A2669F;
			productRefGroup = 29DD8D20239AF89200A2669F /* Products */;
			projectDirPath = "";
			projectRoot = "";
			targets = (
				29DD8D1E239AF89200A2669F /* NetworkManager */,
				29DD8D34239AF89400A2669F /* NetworkManagerTests */,
			);
		};
/* End PBXProject section */

/* Begin PBXResourcesBuildPhase section */
		29DD8D1D239AF89200A2669F /* Resources */ = {
			isa = PBXResourcesBuildPhase;
			buildActionMask = 2147483647;
			files = (
				29DD8D2F239AF89400A2669F /* LaunchScreen.storyboard in Resources */,
				29DD8D2C239AF89400A2669F /* Assets.xcassets in Resources */,
				29DD8D2A239AF89200A2669F /* Main.storyboard in Resources */,
			);
			runOnlyForDeploymentPostprocessing = 0;
		};
		29DD8D33239AF89400A2669F /* Resources */ = {
			isa = PBXResourcesBuildPhase;
			buildActionMask = 2147483647;
			files = (
			);
			runOnlyForDeploymentPostprocessing = 0;
		};
/* End PBXResourcesBuildPhase section */

/* Begin PBXSourcesBuildPhase section */
		29DD8D1B239AF89200A2669F /* Sources */ = {
			isa = PBXSourcesBuildPhase;
			buildActionMask = 2147483647;
			files = (
				29248AF6239C429700CE57BC /* URLExtension.swift in Sources */,
				29248AF1239C3D4300CE57BC /* NetworkManager.swift in Sources */,
				29248AF3239C40FC00CE57BC /* CustomResponse.swift in Sources */,
				29DD8D46239C07A100A2669F /* RequestManager.swift in Sources */,
				29EEB046239C3869005C14EC /* ApiProvider.swift in Sources */,
				29DD8D4A239C08A000A2669F /* ArticleInput.swift in Sources */,
				29DD8D4E239C17BB00A2669F /* HTTPMethod.swift in Sources */,
				29DD8D27239AF89200A2669F /* ViewController.swift in Sources */,
				29DD8D23239AF89200A2669F /* AppDelegate.swift in Sources */,
				29DD8D48239C082500A2669F /* ArticleOutput.swift in Sources */,
				29DD8D4C239C109600A2669F /* NewsAPI.swift in Sources */,
			);
			runOnlyForDeploymentPostprocessing = 0;
		};
		29DD8D31239AF89400A2669F /* Sources */ = {
			isa = PBXSourcesBuildPhase;
			buildActionMask = 2147483647;
			files = (
				29DD8D3A239AF89400A2669F /* NetworkManagerTests.swift in Sources */,
			);
			runOnlyForDeploymentPostprocessing = 0;
		};
/* End PBXSourcesBuildPhase section */

/* Begin PBXTargetDependency section */
		29DD8D37239AF89400A2669F /* PBXTargetDependency */ = {
			isa = PBXTargetDependency;
			target = 29DD8D1E239AF89200A2669F /* NetworkManager */;
			targetProxy = 29DD8D36239AF89400A2669F /* PBXContainerItemProxy */;
		};
/* End PBXTargetDependency section */

/* Begin PBXVariantGroup section */
		29DD8D28239AF89200A2669F /* Main.storyboard */ = {
			isa = PBXVariantGroup;
			children = (
				29DD8D29239AF89200A2669F /* Base */,
			);
			name = Main.storyboard;
			sourceTree = "<group>";
		};
		29DD8D2D239AF89400A2669F /* LaunchScreen.storyboard */ = {
			isa = PBXVariantGroup;
			children = (
				29DD8D2E239AF89400A2669F /* Base */,
			);
			name = LaunchScreen.storyboard;
			sourceTree = "<group>";
		};
/* End PBXVariantGroup section */

/* Begin XCBuildConfiguration section */
		29DD8D3C239AF89400A2669F /* Debug */ = {
			isa = XCBuildConfiguration;
			buildSettings = {
				ALWAYS_SEARCH_USER_PATHS = NO;
				CLANG_ANALYZER_NONNULL = YES;
				CLANG_ANALYZER_NUMBER_OBJECT_CONVERSION = YES_AGGRESSIVE;
				CLANG_CXX_LANGUAGE_STANDARD = "gnu++14";
				CLANG_CXX_LIBRARY = "libc++";
				CLANG_ENABLE_MODULES = YES;
				CLANG_ENABLE_OBJC_ARC = YES;
				CLANG_ENABLE_OBJC_WEAK = YES;
				CLANG_WARN_BLOCK_CAPTURE_AUTORELEASING = YES;
				CLANG_WARN_BOOL_CONVERSION = YES;
				CLANG_WARN_COMMA = YES;
				CLANG_WARN_CONSTANT_CONVERSION = YES;
				CLANG_WARN_DEPRECATED_OBJC_IMPLEMENTATIONS = YES;
				CLANG_WARN_DIRECT_OBJC_ISA_USAGE = YES_ERROR;
				CLANG_WARN_DOCUMENTATION_COMMENTS = YES;
				CLANG_WARN_EMPTY_BODY = YES;
				CLANG_WARN_ENUM_CONVERSION = YES;
				CLANG_WARN_INFINITE_RECURSION = YES;
				CLANG_WARN_INT_CONVERSION = YES;
				CLANG_WARN_NON_LITERAL_NULL_CONVERSION = YES;
				CLANG_WARN_OBJC_IMPLICIT_RETAIN_SELF = YES;
				CLANG_WARN_OBJC_LITERAL_CONVERSION = YES;
				CLANG_WARN_OBJC_ROOT_CLASS = YES_ERROR;
				CLANG_WARN_RANGE_LOOP_ANALYSIS = YES;
				CLANG_WARN_STRICT_PROTOTYPES = YES;
				CLANG_WARN_SUSPICIOUS_MOVE = YES;
				CLANG_WARN_UNGUARDED_AVAILABILITY = YES_AGGRESSIVE;
				CLANG_WARN_UNREACHABLE_CODE = YES;
				CLANG_WARN__DUPLICATE_METHOD_MATCH = YES;
				COPY_PHASE_STRIP = NO;
				DEBUG_INFORMATION_FORMAT = dwarf;
				ENABLE_STRICT_OBJC_MSGSEND = YES;
				ENABLE_TESTABILITY = YES;
				GCC_C_LANGUAGE_STANDARD = gnu11;
				GCC_DYNAMIC_NO_PIC = NO;
				GCC_NO_COMMON_BLOCKS = YES;
				GCC_OPTIMIZATION_LEVEL = 0;
				GCC_PREPROCESSOR_DEFINITIONS = (
					"DEBUG=1",
					"$(inherited)",
				);
				GCC_WARN_64_TO_32_BIT_CONVERSION = YES;
				GCC_WARN_ABOUT_RETURN_TYPE = YES_ERROR;
				GCC_WARN_UNDECLARED_SELECTOR = YES;
				GCC_WARN_UNINITIALIZED_AUTOS = YES_AGGRESSIVE;
				GCC_WARN_UNUSED_FUNCTION = YES;
				GCC_WARN_UNUSED_VARIABLE = YES;
				IPHONEOS_DEPLOYMENT_TARGET = 13.2;
				MTL_ENABLE_DEBUG_INFO = INCLUDE_SOURCE;
				MTL_FAST_MATH = YES;
				ONLY_ACTIVE_ARCH = YES;
				SDKROOT = iphoneos;
				SWIFT_ACTIVE_COMPILATION_CONDITIONS = DEBUG;
				SWIFT_OPTIMIZATION_LEVEL = "-Onone";
			};
			name = Debug;
		};
		29DD8D3D239AF89400A2669F /* Release */ = {
			isa = XCBuildConfiguration;
			buildSettings = {
				ALWAYS_SEARCH_USER_PATHS = NO;
				CLANG_ANALYZER_NONNULL = YES;
				CLANG_ANALYZER_NUMBER_OBJECT_CONVERSION = YES_AGGRESSIVE;
				CLANG_CXX_LANGUAGE_STANDARD = "gnu++14";
				CLANG_CXX_LIBRARY = "libc++";
				CLANG_ENABLE_MODULES = YES;
				CLANG_ENABLE_OBJC_ARC = YES;
				CLANG_ENABLE_OBJC_WEAK = YES;
				CLANG_WARN_BLOCK_CAPTURE_AUTORELEASING = YES;
				CLANG_WARN_BOOL_CONVERSION = YES;
				CLANG_WARN_COMMA = YES;
				CLANG_WARN_CONSTANT_CONVERSION = YES;
				CLANG_WARN_DEPRECATED_OBJC_IMPLEMENTATIONS = YES;
				CLANG_WARN_DIRECT_OBJC_ISA_USAGE = YES_ERROR;
				CLANG_WARN_DOCUMENTATION_COMMENTS = YES;
				CLANG_WARN_EMPTY_BODY = YES;
				CLANG_WARN_ENUM_CONVERSION = YES;
				CLANG_WARN_INFINITE_RECURSION = YES;
				CLANG_WARN_INT_CONVERSION = YES;
				CLANG_WARN_NON_LITERAL_NULL_CONVERSION = YES;
				CLANG_WARN_OBJC_IMPLICIT_RETAIN_SELF = YES;
				CLANG_WARN_OBJC_LITERAL_CONVERSION = YES;
				CLANG_WARN_OBJC_ROOT_CLASS = YES_ERROR;
				CLANG_WARN_RANGE_LOOP_ANALYSIS = YES;
				CLANG_WARN_STRICT_PROTOTYPES = YES;
				CLANG_WARN_SUSPICIOUS_MOVE = YES;
				CLANG_WARN_UNGUARDED_AVAILABILITY = YES_AGGRESSIVE;
				CLANG_WARN_UNREACHABLE_CODE = YES;
				CLANG_WARN__DUPLICATE_METHOD_MATCH = YES;
				COPY_PHASE_STRIP = NO;
				DEBUG_INFORMATION_FORMAT = "dwarf-with-dsym";
				ENABLE_NS_ASSERTIONS = NO;
				ENABLE_STRICT_OBJC_MSGSEND = YES;
				GCC_C_LANGUAGE_STANDARD = gnu11;
				GCC_NO_COMMON_BLOCKS = YES;
				GCC_WARN_64_TO_32_BIT_CONVERSION = YES;
				GCC_WARN_ABOUT_RETURN_TYPE = YES_ERROR;
				GCC_WARN_UNDECLARED_SELECTOR = YES;
				GCC_WARN_UNINITIALIZED_AUTOS = YES_AGGRESSIVE;
				GCC_WARN_UNUSED_FUNCTION = YES;
				GCC_WARN_UNUSED_VARIABLE = YES;
				IPHONEOS_DEPLOYMENT_TARGET = 13.2;
				MTL_ENABLE_DEBUG_INFO = NO;
				MTL_FAST_MATH = YES;
				SDKROOT = iphoneos;
				SWIFT_COMPILATION_MODE = wholemodule;
				SWIFT_OPTIMIZATION_LEVEL = "-O";
				VALIDATE_PRODUCT = YES;
			};
			name = Release;
		};
		29DD8D3F239AF89400A2669F /* Debug */ = {
			isa = XCBuildConfiguration;
			buildSettings = {
				ASSETCATALOG_COMPILER_APPICON_NAME = AppIcon;
				CODE_SIGN_STYLE = Automatic;
				DEVELOPMENT_TEAM = ZNA2424JBU;
				INFOPLIST_FILE = NetworkManager/Info.plist;
				IPHONEOS_DEPLOYMENT_TARGET = 11.0;
				LD_RUNPATH_SEARCH_PATHS = (
					"$(inherited)",
					"@executable_path/Frameworks",
				);
				PRODUCT_BUNDLE_IDENTIFIER = com.vpoltave.NetworkManager;
				PRODUCT_NAME = "$(TARGET_NAME)";
				SWIFT_VERSION = 5.0;
				TARGETED_DEVICE_FAMILY = "1,2";
			};
			name = Debug;
		};
		29DD8D40239AF89400A2669F /* Release */ = {
			isa = XCBuildConfiguration;
			buildSettings = {
				ASSETCATALOG_COMPILER_APPICON_NAME = AppIcon;
				CODE_SIGN_STYLE = Automatic;
				DEVELOPMENT_TEAM = ZNA2424JBU;
				INFOPLIST_FILE = NetworkManager/Info.plist;
				IPHONEOS_DEPLOYMENT_TARGET = 11.0;
				LD_RUNPATH_SEARCH_PATHS = (
					"$(inherited)",
					"@executable_path/Frameworks",
				);
				PRODUCT_BUNDLE_IDENTIFIER = com.vpoltave.NetworkManager;
				PRODUCT_NAME = "$(TARGET_NAME)";
				SWIFT_VERSION = 5.0;
				TARGETED_DEVICE_FAMILY = "1,2";
			};
			name = Release;
		};
		29DD8D42239AF89400A2669F /* Debug */ = {
			isa = XCBuildConfiguration;
			buildSettings = {
				ALWAYS_EMBED_SWIFT_STANDARD_LIBRARIES = YES;
				BUNDLE_LOADER = "$(TEST_HOST)";
				CODE_SIGN_STYLE = Automatic;
				DEVELOPMENT_TEAM = ZNA2424JBU;
				INFOPLIST_FILE = NetworkManagerTests/Info.plist;
				IPHONEOS_DEPLOYMENT_TARGET = 13.2;
				LD_RUNPATH_SEARCH_PATHS = (
					"$(inherited)",
					"@executable_path/Frameworks",
					"@loader_path/Frameworks",
				);
				PRODUCT_BUNDLE_IDENTIFIER = com.vpoltave.NetworkManagerTests;
				PRODUCT_NAME = "$(TARGET_NAME)";
				SWIFT_VERSION = 5.0;
				TARGETED_DEVICE_FAMILY = "1,2";
				TEST_HOST = "$(BUILT_PRODUCTS_DIR)/NetworkManager.app/NetworkManager";
			};
			name = Debug;
		};
		29DD8D43239AF89400A2669F /* Release */ = {
			isa = XCBuildConfiguration;
			buildSettings = {
				ALWAYS_EMBED_SWIFT_STANDARD_LIBRARIES = YES;
				BUNDLE_LOADER = "$(TEST_HOST)";
				CODE_SIGN_STYLE = Automatic;
				DEVELOPMENT_TEAM = ZNA2424JBU;
				INFOPLIST_FILE = NetworkManagerTests/Info.plist;
				IPHONEOS_DEPLOYMENT_TARGET = 13.2;
				LD_RUNPATH_SEARCH_PATHS = (
					"$(inherited)",
					"@executable_path/Frameworks",
					"@loader_path/Frameworks",
				);
				PRODUCT_BUNDLE_IDENTIFIER = com.vpoltave.NetworkManagerTests;
				PRODUCT_NAME = "$(TARGET_NAME)";
				SWIFT_VERSION = 5.0;
				TARGETED_DEVICE_FAMILY = "1,2";
				TEST_HOST = "$(BUILT_PRODUCTS_DIR)/NetworkManager.app/NetworkManager";
			};
			name = Release;
		};
/* End XCBuildConfiguration section */

/* Begin XCConfigurationList section */
		29DD8D1A239AF89200A2669F /* Build configuration list for PBXProject "NetworkManager" */ = {
			isa = XCConfigurationList;
			buildConfigurations = (
				29DD8D3C239AF89400A2669F /* Debug */,
				29DD8D3D239AF89400A2669F /* Release */,
			);
			defaultConfigurationIsVisible = 0;
			defaultConfigurationName = Release;
		};
		29DD8D3E239AF89400A2669F /* Build configuration list for PBXNativeTarget "NetworkManager" */ = {
			isa = XCConfigurationList;
			buildConfigurations = (
				29DD8D3F239AF89400A2669F /* Debug */,
				29DD8D40239AF89400A2669F /* Release */,
			);
			defaultConfigurationIsVisible = 0;
			defaultConfigurationName = Release;
		};
		29DD8D41239AF89400A2669F /* Build configuration list for PBXNativeTarget "NetworkManagerTests" */ = {
			isa = XCConfigurationList;
			buildConfigurations = (
				29DD8D42239AF89400A2669F /* Debug */,
				29DD8D43239AF89400A2669F /* Release */,
			);
			defaultConfigurationIsVisible = 0;
			defaultConfigurationName = Release;
		};
/* End XCConfigurationList section */
	};
	rootObject = 29DD8D17239AF89200A2669F /* Project object */;
}
